
Microsoft Visual Studio Solution File, Format Version 12.00
# Visual Studio Version 16
VisualStudioVersion = 16.0.30503.244
MinimumVisualStudioVersion = 10.0.40219.1
Project("{FAE04EC0-301F-11D3-BF4B-00C04F79EFBC}") = "UserMaintenance", "UserMaintenance\UserMaintenance.csproj", "{0CEA2A14-5541-4848-A146-05D5FEA5827D}"
EndProject
Project("{FAE04EC0-301F-11D3-BF4B-00C04F79EFBC}") = "Excel generálás", "Excel generálás\Excel generálás.csproj", "{1DBD6FDC-C3FA-48F6-911F-5E44C0265253}"
EndProject
Project("{FAE04EC0-301F-11D3-BF4B-00C04F79EFBC}") = "Value at Risk (VaR)", "Value at Risk (VaR)\Value at Risk (VaR).csproj", "{BDE0CFAA-DD4C-4E37-8D0F-E6923D1C2D2B}"
EndProject
Global
	GlobalSection(SolutionConfigurationPlatforms) = preSolution
		Debug|Any CPU = Debug|Any CPU
		Release|Any CPU = Release|Any CPU
	EndGlobalSection
	GlobalSection(ProjectConfigurationPlatforms) = postSolution
		{0CEA2A14-5541-4848-A146-05D5FEA5827D}.Debug|Any CPU.ActiveCfg = Debug|Any CPU
		{0CEA2A14-5541-4848-A146-05D5FEA5827D}.Debug|Any CPU.Build.0 = Debug|Any CPU
		{0CEA2A14-5541-4848-A146-05D5FEA5827D}.Release|Any CPU.ActiveCfg = Release|Any CPU
		{0CEA2A14-5541-4848-A146-05D5FEA5827D}.Release|Any CPU.Build.0 = Release|Any CPU
		{1DBD6FDC-C3FA-48F6-911F-5E44C0265253}.Debug|Any CPU.ActiveCfg = Debug|Any CPU
		{1DBD6FDC-C3FA-48F6-911F-5E44C0265253}.Debug|Any CPU.Build.0 = Debug|Any CPU
		{1DBD6FDC-C3FA-48F6-911F-5E44C0265253}.Release|Any CPU.ActiveCfg = Release|Any CPU
		{1DBD6FDC-C3FA-48F6-911F-5E44C0265253}.Release|Any CPU.Build.0 = Release|Any CPU
		{BDE0CFAA-DD4C-4E37-8D0F-E6923D1C2D2B}.Debug|Any CPU.ActiveCfg = Debug|Any CPU
		{BDE0CFAA-DD4C-4E37-8D0F-E6923D1C2D2B}.Debug|Any CPU.Build.0 = Debug|Any CPU
		{BDE0CFAA-DD4C-4E37-8D0F-E6923D1C2D2B}.Release|Any CPU.ActiveCfg = Release|Any CPU
		{BDE0CFAA-DD4C-4E37-8D0F-E6923D1C2D2B}.Release|Any CPU.Build.0 = Release|Any CPU
	EndGlobalSection
	GlobalSection(SolutionProperties) = preSolution
		HideSolutionNode = FALSE
	EndGlobalSection
	GlobalSection(ExtensibilityGlobals) = postSolution
		SolutionGuid = {36C06BB8-389E-4E50-AF92-9936599F36DF}
	EndGlobalSection
EndGlobal
